
Microsoft Visual Studio Solution File, Format Version 12.00
# Visual Studio Version 17
VisualStudioVersion = 17.5.33424.131
MinimumVisualStudioVersion = 10.0.40219.1
Project("{8BC9CEB8-8B4A-11D0-8D11-00A0C91BC942}") = "Puppetry", "Puppetry\Puppetry.vcxproj", "{7F782F1D-024F-4C93-96F1-32DE92563A02}"
EndProject
Project("{8BC9CEB8-8B4A-11D0-8D11-00A0C91BC942}") = "graphics_test", "graphics_test\graphics_test.vcxproj", "{ED1CA0D3-77E4-46FB-A892-7C064A03769C}"
EndProject
Global
	GlobalSection(SolutionConfigurationPlatforms) = preSolution
		Debug|x64 = Debug|x64
		Debug|x86 = Debug|x86
		Release|x64 = Release|x64
		Release|x86 = Release|x86
	EndGlobalSection
	GlobalSection(ProjectConfigurationPlatforms) = postSolution
		{7F782F1D-024F-4C93-96F1-32DE92563A02}.Debug|x64.ActiveCfg = Debug|x64
		{7F782F1D-024F-4C93-96F1-32DE92563A02}.Debug|x64.Build.0 = Debug|x64
		{7F782F1D-024F-4C93-96F1-32DE92563A02}.Debug|x86.ActiveCfg = Debug|Win32
		{7F782F1D-024F-4C93-96F1-32DE92563A02}.Debug|x86.Build.0 = Debug|Win32
		{7F782F1D-024F-4C93-96F1-32DE92563A02}.Release|x64.ActiveCfg = Release|x64
		{7F782F1D-024F-4C93-96F1-32DE92563A02}.Release|x64.Build.0 = Release|x64
		{7F782F1D-024F-4C93-96F1-32DE92563A02}.Release|x86.ActiveCfg = Release|Win32
		{7F782F1D-024F-4C93-96F1-32DE92563A02}.Release|x86.Build.0 = Release|Win32
		{ED1CA0D3-77E4-46FB-A892-7C064A03769C}.Debug|x64.ActiveCfg = Debug|x64
		{ED1CA0D3-77E4-46FB-A892-7C064A03769C}.Debug|x64.Build.0 = Debug|x64
		{ED1CA0D3-77E4-46FB-A892-7C064A03769C}.Debug|x86.ActiveCfg = Debug|Win32
		{ED1CA0D3-77E4-46FB-A892-7C064A03769C}.Debug|x86.Build.0 = Debug|Win32
		{ED1CA0D3-77E4-46FB-A892-7C064A03769C}.Release|x64.ActiveCfg = Release|x64
		{ED1CA0D3-77E4-46FB-A892-7C064A03769C}.Release|x64.Build.0 = Release|x64
		{ED1CA0D3-77E4-46FB-A892-7C064A03769C}.Release|x86.ActiveCfg = Release|Win32
		{ED1CA0D3-77E4-46FB-A892-7C064A03769C}.Release|x86.Build.0 = Release|Win32
	EndGlobalSection
	GlobalSection(SolutionProperties) = preSolution
		HideSolutionNode = FALSE
	EndGlobalSection
	GlobalSection(ExtensibilityGlobals) = postSolution
		SolutionGuid = {357B123F-FA34-445B-8521-5FC167581901}
	EndGlobalSection
EndGlobal
